
Microsoft Visual Studio Solution File, Format Version 12.00
# Visual Studio 15
VisualStudioVersion = 15.0.27004.2010
MinimumVisualStudioVersion = 10.0.40219.1
Project("{2150E333-8FDC-42A3-9474-1A3956D46DE8}") = "M.BaseSource", "M.BaseSource", "{F4E45B36-3B01-4032-B32B-73D8887BE2DC}"
EndProject
Project("{2150E333-8FDC-42A3-9474-1A3956D46DE8}") = "M.Local", "M.Local", "{EA044768-8CB1-40AD-BD98-03990E2C7BFD}"
EndProject
Project("{2150E333-8FDC-42A3-9474-1A3956D46DE8}") = "M.Mvc", "M.Mvc", "{358A5F66-7749-459F-AA50-A83227FFCA50}"
EndProject
Project("{2150E333-8FDC-42A3-9474-1A3956D46DE8}") = "M.SignalR", "M.SignalR", "{8C1B46B9-ED81-4F18-B29F-0A2F1458F783}"
EndProject
Project("{2150E333-8FDC-42A3-9474-1A3956D46DE8}") = "M.BaseCore", "M.BaseCore", "{2E1838D3-DA47-40B7-8D9D-228EC7322AD8}"
EndProject
Project("{FAE04EC0-301F-11D3-BF4B-00C04F79EFBC}") = "TomNet.Core", "Source\TomNet.Core\TomNet.Core.csproj", "{62A60820-ADA4-4C82-AD3E-8C79F8800CA3}"
EndProject
Project("{2150E333-8FDC-42A3-9474-1A3956D46DE8}") = "M.WebApi", "M.WebApi", "{993CAD2E-A994-4426-B5BF-EBD48679343D}"
EndProject
Project("{FAE04EC0-301F-11D3-BF4B-00C04F79EFBC}") = "TomNet.Data.Entity", "Source\TomNet.Data.Entity\TomNet.Data.Entity.csproj", "{99EEADD0-22EC-4092-AABE-1CE54F5F40F9}"
EndProject
Project("{FAE04EC0-301F-11D3-BF4B-00C04F79EFBC}") = "TomNet.Logging.Log4Net", "Source\TomNet.Logging.Log4Net\TomNet.Logging.Log4Net.csproj", "{A5F190BE-0946-4B9B-A398-AEA1FD117988}"
EndProject
Project("{FAE04EC0-301F-11D3-BF4B-00C04F79EFBC}") = "TomNet.Redis", "Source\TomNet.Redis\TomNet.Redis.csproj", "{A0329546-86C3-4D95-910A-364A39EF15F5}"
EndProject
Project("{FAE04EC0-301F-11D3-BF4B-00C04F79EFBC}") = "TomNet.Utility", "Source\TomNet.Utility\TomNet.Utility.csproj", "{4B720F8F-5B03-4731-A4BD-B04DC34A97D8}"
EndProject
Project("{FAE04EC0-301F-11D3-BF4B-00C04F79EFBC}") = "TomNet.App.Local", "Source\Local\TomNet.App.Local\TomNet.App.Local.csproj", "{3697EC64-C96A-4019-8E3F-7A0F1B3CC869}"
EndProject
Project("{FAE04EC0-301F-11D3-BF4B-00C04F79EFBC}") = "TomNet.Autofac.Hangfire", "Source\Local\TomNet.Autofac.Hangfire\TomNet.Autofac.Hangfire.csproj", "{EF05D9F9-48B2-4FE0-97B5-DAD64FADDF08}"
EndProject
Project("{FAE04EC0-301F-11D3-BF4B-00C04F79EFBC}") = "TomNet.Autofac.Mvc", "Source\Mvc\TomNet.Autofac.Mvc\TomNet.Autofac.Mvc.csproj", "{E6F75079-9338-43EC-9F3C-61C635BE0F61}"
EndProject
Project("{FAE04EC0-301F-11D3-BF4B-00C04F79EFBC}") = "TomNet.Web.Mvc", "Source\Mvc\TomNet.Web.Mvc\TomNet.Web.Mvc.csproj", "{CCD8A1F5-06DC-4893-A0B2-7A5983E631CC}"
EndProject
Project("{FAE04EC0-301F-11D3-BF4B-00C04F79EFBC}") = "TomNet.Autofac.SignalR", "Source\SignalR\TomNet.Autofac.SignalR\TomNet.Autofac.SignalR.csproj", "{51F6F22D-3383-4569-8ECF-E41D87859EDA}"
EndProject
Project("{FAE04EC0-301F-11D3-BF4B-00C04F79EFBC}") = "TomNet.Web.SignalR", "Source\SignalR\TomNet.Web.SignalR\TomNet.Web.SignalR.csproj", "{0B889747-F987-4823-BA3B-41338C662AF5}"
EndProject
Project("{FAE04EC0-301F-11D3-BF4B-00C04F79EFBC}") = "TomNet.Web.SignalR.Client", "Source\SignalR\TomNet.Web.SignalR.Client\TomNet.Web.SignalR.Client.csproj", "{F8DCD524-6449-401F-95B9-4ED20D1B98DE}"
EndProject
Project("{FAE04EC0-301F-11D3-BF4B-00C04F79EFBC}") = "TomNet.Autofac.WebApi", "Source\WebApi\TomNet.Autofac.WebApi\TomNet.Autofac.WebApi.csproj", "{B37C55CB-137C-43BD-B875-8D9D1D19839D}"
EndProject
Project("{FAE04EC0-301F-11D3-BF4B-00C04F79EFBC}") = "TomNet.Web.WebApi", "Source\WebApi\TomNet.Web.WebApi\TomNet.Web.WebApi.csproj", "{C96FCB30-0749-426D-8D58-2C0314C4A235}"
EndProject
Project("{2150E333-8FDC-42A3-9474-1A3956D46DE8}") = "SourceManage", "SourceManage", "{2CC26C3D-F02A-42F6-83D0-5B5036715EC4}"
EndProject
Project("{FAE04EC0-301F-11D3-BF4B-00C04F79EFBC}") = "Source.Core", "SourceManage\Source.Core\Source.Core.csproj", "{7305A00F-36F5-432C-AB39-196A6EBE0B72}"
EndProject
Project("{FAE04EC0-301F-11D3-BF4B-00C04F79EFBC}") = "Source.Model", "SourceManage\Source.Model\Source.Model.csproj", "{D69D8420-7A69-4B0E-A469-E8D93724CD13}"
EndProject
Project("{FAE04EC0-301F-11D3-BF4B-00C04F79EFBC}") = "Source.SQLDB", "SourceManage\Source.SQLDB\Source.SQLDB.csproj", "{1DE56518-783C-4D7B-9DD4-61952FF134A3}"
EndProject
Project("{2150E333-8FDC-42A3-9474-1A3956D46DE8}") = "SoutceWeb", "SoutceWeb", "{DC37444C-D4C7-4E07-A46E-DD719350D4B6}"
EndProject
Project("{FAE04EC0-301F-11D3-BF4B-00C04F79EFBC}") = "QRCode.Admin.Web", "SourceManage\Web.Source.Admin\QRCode.Admin.Web.csproj", "{CE38E4EA-8CCA-47CE-A1DF-4906A3232AA1}"
EndProject
Global
	GlobalSection(SolutionConfigurationPlatforms) = preSolution
		Debug|Any CPU = Debug|Any CPU
		Release|Any CPU = Release|Any CPU
	EndGlobalSection
	GlobalSection(ProjectConfigurationPlatforms) = postSolution
		{62A60820-ADA4-4C82-AD3E-8C79F8800CA3}.Debug|Any CPU.ActiveCfg = Debug|Any CPU
		{62A60820-ADA4-4C82-AD3E-8C79F8800CA3}.Debug|Any CPU.Build.0 = Debug|Any CPU
		{62A60820-ADA4-4C82-AD3E-8C79F8800CA3}.Release|Any CPU.ActiveCfg = Release|Any CPU
		{62A60820-ADA4-4C82-AD3E-8C79F8800CA3}.Release|Any CPU.Build.0 = Release|Any CPU
		{99EEADD0-22EC-4092-AABE-1CE54F5F40F9}.Debug|Any CPU.ActiveCfg = Debug|Any CPU
		{99EEADD0-22EC-4092-AABE-1CE54F5F40F9}.Debug|Any CPU.Build.0 = Debug|Any CPU
		{99EEADD0-22EC-4092-AABE-1CE54F5F40F9}.Release|Any CPU.ActiveCfg = Release|Any CPU
		{99EEADD0-22EC-4092-AABE-1CE54F5F40F9}.Release|Any CPU.Build.0 = Release|Any CPU
		{A5F190BE-0946-4B9B-A398-AEA1FD117988}.Debug|Any CPU.ActiveCfg = Debug|Any CPU
		{A5F190BE-0946-4B9B-A398-AEA1FD117988}.Debug|Any CPU.Build.0 = Debug|Any CPU
		{A5F190BE-0946-4B9B-A398-AEA1FD117988}.Release|Any CPU.ActiveCfg = Release|Any CPU
		{A5F190BE-0946-4B9B-A398-AEA1FD117988}.Release|Any CPU.Build.0 = Release|Any CPU
		{A0329546-86C3-4D95-910A-364A39EF15F5}.Debug|Any CPU.ActiveCfg = Debug|Any CPU
		{A0329546-86C3-4D95-910A-364A39EF15F5}.Debug|Any CPU.Build.0 = Debug|Any CPU
		{A0329546-86C3-4D95-910A-364A39EF15F5}.Release|Any CPU.ActiveCfg = Release|Any CPU
		{A0329546-86C3-4D95-910A-364A39EF15F5}.Release|Any CPU.Build.0 = Release|Any CPU
		{4B720F8F-5B03-4731-A4BD-B04DC34A97D8}.Debug|Any CPU.ActiveCfg = Debug|Any CPU
		{4B720F8F-5B03-4731-A4BD-B04DC34A97D8}.Debug|Any CPU.Build.0 = Debug|Any CPU
		{4B720F8F-5B03-4731-A4BD-B04DC34A97D8}.Release|Any CPU.ActiveCfg = Release|Any CPU
		{4B720F8F-5B03-4731-A4BD-B04DC34A97D8}.Release|Any CPU.Build.0 = Release|Any CPU
		{3697EC64-C96A-4019-8E3F-7A0F1B3CC869}.Debug|Any CPU.ActiveCfg = Debug|Any CPU
		{3697EC64-C96A-4019-8E3F-7A0F1B3CC869}.Debug|Any CPU.Build.0 = Debug|Any CPU
		{3697EC64-C96A-4019-8E3F-7A0F1B3CC869}.Release|Any CPU.ActiveCfg = Release|Any CPU
		{3697EC64-C96A-4019-8E3F-7A0F1B3CC869}.Release|Any CPU.Build.0 = Release|Any CPU
		{EF05D9F9-48B2-4FE0-97B5-DAD64FADDF08}.Debug|Any CPU.ActiveCfg = Debug|Any CPU
		{EF05D9F9-48B2-4FE0-97B5-DAD64FADDF08}.Debug|Any CPU.Build.0 = Debug|Any CPU
		{EF05D9F9-48B2-4FE0-97B5-DAD64FADDF08}.Release|Any CPU.ActiveCfg = Release|Any CPU
		{EF05D9F9-48B2-4FE0-97B5-DAD64FADDF08}.Release|Any CPU.Build.0 = Release|Any CPU
		{E6F75079-9338-43EC-9F3C-61C635BE0F61}.Debug|Any CPU.ActiveCfg = Debug|Any CPU
		{E6F75079-9338-43EC-9F3C-61C635BE0F61}.Debug|Any CPU.Build.0 = Debug|Any CPU
		{E6F75079-9338-43EC-9F3C-61C635BE0F61}.Release|Any CPU.ActiveCfg = Release|Any CPU
		{E6F75079-9338-43EC-9F3C-61C635BE0F61}.Release|Any CPU.Build.0 = Release|Any CPU
		{CCD8A1F5-06DC-4893-A0B2-7A5983E631CC}.Debug|Any CPU.ActiveCfg = Debug|Any CPU
		{CCD8A1F5-06DC-4893-A0B2-7A5983E631CC}.Debug|Any CPU.Build.0 = Debug|Any CPU
		{CCD8A1F5-06DC-4893-A0B2-7A5983E631CC}.Release|Any CPU.ActiveCfg = Release|Any CPU
		{CCD8A1F5-06DC-4893-A0B2-7A5983E631CC}.Release|Any CPU.Build.0 = Release|Any CPU
		{51F6F22D-3383-4569-8ECF-E41D87859EDA}.Debug|Any CPU.ActiveCfg = Debug|Any CPU
		{51F6F22D-3383-4569-8ECF-E41D87859EDA}.Debug|Any CPU.Build.0 = Debug|Any CPU
		{51F6F22D-3383-4569-8ECF-E41D87859EDA}.Release|Any CPU.ActiveCfg = Release|Any CPU
		{51F6F22D-3383-4569-8ECF-E41D87859EDA}.Release|Any CPU.Build.0 = Release|Any CPU
		{0B889747-F987-4823-BA3B-41338C662AF5}.Debug|Any CPU.ActiveCfg = Debug|Any CPU
		{0B889747-F987-4823-BA3B-41338C662AF5}.Debug|Any CPU.Build.0 = Debug|Any CPU
		{0B889747-F987-4823-BA3B-41338C662AF5}.Release|Any CPU.ActiveCfg = Release|Any CPU
		{0B889747-F987-4823-BA3B-41338C662AF5}.Release|Any CPU.Build.0 = Release|Any CPU
		{F8DCD524-6449-401F-95B9-4ED20D1B98DE}.Debug|Any CPU.ActiveCfg = Debug|Any CPU
		{F8DCD524-6449-401F-95B9-4ED20D1B98DE}.Debug|Any CPU.Build.0 = Debug|Any CPU
		{F8DCD524-6449-401F-95B9-4ED20D1B98DE}.Release|Any CPU.ActiveCfg = Release|Any CPU
		{F8DCD524-6449-401F-95B9-4ED20D1B98DE}.Release|Any CPU.Build.0 = Release|Any CPU
		{B37C55CB-137C-43BD-B875-8D9D1D19839D}.Debug|Any CPU.ActiveCfg = Debug|Any CPU
		{B37C55CB-137C-43BD-B875-8D9D1D19839D}.Debug|Any CPU.Build.0 = Debug|Any CPU
		{B37C55CB-137C-43BD-B875-8D9D1D19839D}.Release|Any CPU.ActiveCfg = Release|Any CPU
		{B37C55CB-137C-43BD-B875-8D9D1D19839D}.Release|Any CPU.Build.0 = Release|Any CPU
		{C96FCB30-0749-426D-8D58-2C0314C4A235}.Debug|Any CPU.ActiveCfg = Debug|Any CPU
		{C96FCB30-0749-426D-8D58-2C0314C4A235}.Debug|Any CPU.Build.0 = Debug|Any CPU
		{C96FCB30-0749-426D-8D58-2C0314C4A235}.Release|Any CPU.ActiveCfg = Release|Any CPU
		{C96FCB30-0749-426D-8D58-2C0314C4A235}.Release|Any CPU.Build.0 = Release|Any CPU
		{7305A00F-36F5-432C-AB39-196A6EBE0B72}.Debug|Any CPU.ActiveCfg = Debug|Any CPU
		{7305A00F-36F5-432C-AB39-196A6EBE0B72}.Debug|Any CPU.Build.0 = Debug|Any CPU
		{7305A00F-36F5-432C-AB39-196A6EBE0B72}.Release|Any CPU.ActiveCfg = Release|Any CPU
		{7305A00F-36F5-432C-AB39-196A6EBE0B72}.Release|Any CPU.Build.0 = Release|Any CPU
		{D69D8420-7A69-4B0E-A469-E8D93724CD13}.Debug|Any CPU.ActiveCfg = Debug|Any CPU
		{D69D8420-7A69-4B0E-A469-E8D93724CD13}.Debug|Any CPU.Build.0 = Debug|Any CPU
		{D69D8420-7A69-4B0E-A469-E8D93724CD13}.Release|Any CPU.ActiveCfg = Release|Any CPU
		{D69D8420-7A69-4B0E-A469-E8D93724CD13}.Release|Any CPU.Build.0 = Release|Any CPU
		{1DE56518-783C-4D7B-9DD4-61952FF134A3}.Debug|Any CPU.ActiveCfg = Debug|Any CPU
		{1DE56518-783C-4D7B-9DD4-61952FF134A3}.Debug|Any CPU.Build.0 = Debug|Any CPU
		{1DE56518-783C-4D7B-9DD4-61952FF134A3}.Release|Any CPU.ActiveCfg = Release|Any CPU
		{1DE56518-783C-4D7B-9DD4-61952FF134A3}.Release|Any CPU.Build.0 = Release|Any CPU
		{CE38E4EA-8CCA-47CE-A1DF-4906A3232AA1}.Debug|Any CPU.ActiveCfg = Debug|Any CPU
		{CE38E4EA-8CCA-47CE-A1DF-4906A3232AA1}.Debug|Any CPU.Build.0 = Debug|Any CPU
		{CE38E4EA-8CCA-47CE-A1DF-4906A3232AA1}.Release|Any CPU.ActiveCfg = Release|Any CPU
		{CE38E4EA-8CCA-47CE-A1DF-4906A3232AA1}.Release|Any CPU.Build.0 = Release|Any CPU
	EndGlobalSection
	GlobalSection(SolutionProperties) = preSolution
		HideSolutionNode = FALSE
	EndGlobalSection
	GlobalSection(NestedProjects) = preSolution
		{EA044768-8CB1-40AD-BD98-03990E2C7BFD} = {F4E45B36-3B01-4032-B32B-73D8887BE2DC}
		{358A5F66-7749-459F-AA50-A83227FFCA50} = {F4E45B36-3B01-4032-B32B-73D8887BE2DC}
		{8C1B46B9-ED81-4F18-B29F-0A2F1458F783} = {F4E45B36-3B01-4032-B32B-73D8887BE2DC}
		{2E1838D3-DA47-40B7-8D9D-228EC7322AD8} = {F4E45B36-3B01-4032-B32B-73D8887BE2DC}
		{62A60820-ADA4-4C82-AD3E-8C79F8800CA3} = {2E1838D3-DA47-40B7-8D9D-228EC7322AD8}
		{993CAD2E-A994-4426-B5BF-EBD48679343D} = {F4E45B36-3B01-4032-B32B-73D8887BE2DC}
		{99EEADD0-22EC-4092-AABE-1CE54F5F40F9} = {2E1838D3-DA47-40B7-8D9D-228EC7322AD8}
		{A5F190BE-0946-4B9B-A398-AEA1FD117988} = {2E1838D3-DA47-40B7-8D9D-228EC7322AD8}
		{A0329546-86C3-4D95-910A-364A39EF15F5} = {2E1838D3-DA47-40B7-8D9D-228EC7322AD8}
		{4B720F8F-5B03-4731-A4BD-B04DC34A97D8} = {2E1838D3-DA47-40B7-8D9D-228EC7322AD8}
		{3697EC64-C96A-4019-8E3F-7A0F1B3CC869} = {EA044768-8CB1-40AD-BD98-03990E2C7BFD}
		{EF05D9F9-48B2-4FE0-97B5-DAD64FADDF08} = {EA044768-8CB1-40AD-BD98-03990E2C7BFD}
		{E6F75079-9338-43EC-9F3C-61C635BE0F61} = {358A5F66-7749-459F-AA50-A83227FFCA50}
		{CCD8A1F5-06DC-4893-A0B2-7A5983E631CC} = {358A5F66-7749-459F-AA50-A83227FFCA50}
		{51F6F22D-3383-4569-8ECF-E41D87859EDA} = {8C1B46B9-ED81-4F18-B29F-0A2F1458F783}
		{0B889747-F987-4823-BA3B-41338C662AF5} = {8C1B46B9-ED81-4F18-B29F-0A2F1458F783}
		{F8DCD524-6449-401F-95B9-4ED20D1B98DE} = {8C1B46B9-ED81-4F18-B29F-0A2F1458F783}
		{B37C55CB-137C-43BD-B875-8D9D1D19839D} = {993CAD2E-A994-4426-B5BF-EBD48679343D}
		{C96FCB30-0749-426D-8D58-2C0314C4A235} = {993CAD2E-A994-4426-B5BF-EBD48679343D}
		{7305A00F-36F5-432C-AB39-196A6EBE0B72} = {2CC26C3D-F02A-42F6-83D0-5B5036715EC4}
		{D69D8420-7A69-4B0E-A469-E8D93724CD13} = {2CC26C3D-F02A-42F6-83D0-5B5036715EC4}
		{1DE56518-783C-4D7B-9DD4-61952FF134A3} = {2CC26C3D-F02A-42F6-83D0-5B5036715EC4}
		{CE38E4EA-8CCA-47CE-A1DF-4906A3232AA1} = {DC37444C-D4C7-4E07-A46E-DD719350D4B6}
	EndGlobalSection
	GlobalSection(ExtensibilityGlobals) = postSolution
		SolutionGuid = {99C40A52-3078-4540-AE92-B74FE2A5B628}
	EndGlobalSection
EndGlobal
